
Microsoft Visual Studio Solution File, Format Version 12.00
# Visual Studio 2012
Project("{FAE04EC0-301F-11D3-BF4B-00C04F79EFBC}") = "EC1_WebServices_Demo", "EC1_WebServices_Demo\EC1_WebServices_Demo.csproj", "{30631FFA-D4A0-4E47-85BC-711594A4CD28}"
EndProject
Global
	GlobalSection(SolutionConfigurationPlatforms) = preSolution
		Debug|Any CPU = Debug|Any CPU
		Release|Any CPU = Release|Any CPU
	EndGlobalSection
	GlobalSection(ProjectConfigurationPlatforms) = postSolution
		{30631FFA-D4A0-4E47-85BC-711594A4CD28}.Debug|Any CPU.ActiveCfg = Debug|Any CPU
		{30631FFA-D4A0-4E47-85BC-711594A4CD28}.Debug|Any CPU.Build.0 = Debug|Any CPU
		{30631FFA-D4A0-4E47-85BC-711594A4CD28}.Release|Any CPU.ActiveCfg = Release|Any CPU
		{30631FFA-D4A0-4E47-85BC-711594A4CD28}.Release|Any CPU.Build.0 = Release|Any CPU
	EndGlobalSection
	GlobalSection(SolutionProperties) = preSolution
		HideSolutionNode = FALSE
	EndGlobalSection
EndGlobal
